PODS:
  - Alamofire (3.2.1)
  - FeedlyKit (0.5.3):
    - Alamofire (~> 3.2.1)
    - SwiftyJSON (~> 2.3)
  - Flurry-iOS-SDK/FlurrySDK (7.6.3)
  - NXOAuth2Client (1.2.8)
  - Optimizely-iOS-SDK (1.4.2)
  - SwiftyJSON (2.3.2)

DEPENDENCIES:
  - FeedlyKit
  - Flurry-iOS-SDK/FlurrySDK
  - NXOAuth2Client (~> 1.2.8)
  - Optimizely-iOS-SDK

SPEC CHECKSUMS:
  Alamofire: f11d8624a05f5d39e0c99309b3e600a3ba64298a
  FeedlyKit: 4171be4d2880ec7235343db905b5951f3844fe29
  Flurry-iOS-SDK: 5ea9c76a73ce16bff005d21a4f0b539d2c15d97d
  NXOAuth2Client: 98c4d4c594edd2b289cfc34a8928653e1dab7adf
  Optimizely-iOS-SDK: 6d23c5cde187f894430d134caa15f56874754cca
  SwiftyJSON: 04ccea08915aa0109039157c7974cf0298da292a

PODFILE CHECKSUM: 786d5b0344ec457daf3bfb217f41799f76514626

COCOAPODS: 1.0.0
