// !$*UTF8*$!
{
	archiveVersion = 1;
	classes = {
	};
	objectVersion = 46;
	objects = {

/* Begin PBXBuildFile section */
		4A525CFC1CD1B7FA00CF3D67 /* AppDelegate.swift in Sources */ = {isa = PBXBuildFile; fileRef = 4A525CFB1CD1B7FA00CF3D67 /* AppDelegate.swift */; };
		4A525CFE1CD1B7FA00CF3D67 /* ViewController.swift in Sources */ = {isa = PBXBuildFile; fileRef = 4A525CFD1CD1B7FA00CF3D67 /* ViewController.swift */; };
		4A525D041CD1B7FA00CF3D67 /* CatchUp.xcdatamodeld in Sources */ = {isa = PBXBuildFile; fileRef = 4A525D021CD1B7FA00CF3D67 /* CatchUp.xcdatamodeld */; };
		4A525D061CD1B7FA00CF3D67 /* Assets.xcassets in Resources */ = {isa = PBXBuildFile; fileRef = 4A525D051CD1B7FA00CF3D67 /* Assets.xcassets */; };
		4A525D091CD1B7FA00CF3D67 /* LaunchScreen.storyboard in Resources */ = {isa = PBXBuildFile; fileRef = 4A525D071CD1B7FA00CF3D67 /* LaunchScreen.storyboard */; };
		4A525D1C1CD1B89900CF3D67 /* Section+CoreDataProperties.swift in Sources */ = {isa = PBXBuildFile; fileRef = 4A525D181CD1B89900CF3D67 /* Section+CoreDataProperties.swift */; };
		4A525D1D1CD1B89900CF3D67 /* Section.swift in Sources */ = {isa = PBXBuildFile; fileRef = 4A525D191CD1B89900CF3D67 /* Section.swift */; };
		4A525D1E1CD1B89900CF3D67 /* Item+CoreDataProperties.swift in Sources */ = {isa = PBXBuildFile; fileRef = 4A525D1A1CD1B89900CF3D67 /* Item+CoreDataProperties.swift */; };
		4A525D1F1CD1B89900CF3D67 /* Item.swift in Sources */ = {isa = PBXBuildFile; fileRef = 4A525D1B1CD1B89900CF3D67 /* Item.swift */; };
		4A525D241CD1BC2B00CF3D67 /* SectionPickerTableViewController.swift in Sources */ = {isa = PBXBuildFile; fileRef = 4A525D231CD1BC2B00CF3D67 /* SectionPickerTableViewController.swift */; };
		4A525D261CD1D0DC00CF3D67 /* PersonalizedViewController.swift in Sources */ = {isa = PBXBuildFile; fileRef = 4A525D251CD1D0DC00CF3D67 /* PersonalizedViewController.swift */; };
		4A525D281CD1D0F000CF3D67 /* PopularViewController.swift in Sources */ = {isa = PBXBuildFile; fileRef = 4A525D271CD1D0F000CF3D67 /* PopularViewController.swift */; };
		4A525D2A1CD1D0F800CF3D67 /* SettingsViewController.swift in Sources */ = {isa = PBXBuildFile; fileRef = 4A525D291CD1D0F800CF3D67 /* SettingsViewController.swift */; };
		4AA0A58F1CEC4D16000F1212 /* wired.png in Resources */ = {isa = PBXBuildFile; fileRef = 4AA0A5861CEC4D16000F1212 /* wired.png */; };
		4AA0A5901CEC4D16000F1212 /* techradar.png in Resources */ = {isa = PBXBuildFile; fileRef = 4AA0A5871CEC4D16000F1212 /* techradar.png */; };
		4AA0A5911CEC4D16000F1212 /* techcrunch.png in Resources */ = {isa = PBXBuildFile; fileRef = 4AA0A5881CEC4D16000F1212 /* techcrunch.png */; };
		4AA0A5921CEC4D16000F1212 /* newyorktimes.png in Resources */ = {isa = PBXBuildFile; fileRef = 4AA0A5891CEC4D16000F1212 /* newyorktimes.png */; };
		4AA0A5931CEC4D16000F1212 /* medium.png in Resources */ = {isa = PBXBuildFile; fileRef = 4AA0A58A1CEC4D16000F1212 /* medium.png */; };
		4AA0A5951CEC4D16000F1212 /* lifehacker.png in Resources */ = {isa = PBXBuildFile; fileRef = 4AA0A58C1CEC4D16000F1212 /* lifehacker.png */; };
		4AA0A5961CEC4D16000F1212 /* gizmodo.png in Resources */ = {isa = PBXBuildFile; fileRef = 4AA0A58D1CEC4D16000F1212 /* gizmodo.png */; };
		4AA0A5971CEC4D16000F1212 /* engadget.png in Resources */ = {isa = PBXBuildFile; fileRef = 4AA0A58E1CEC4D16000F1212 /* engadget.png */; };
		4AA0A5991CED9DA8000F1212 /* Security.framework in Frameworks */ = {isa = PBXBuildFile; fileRef = 4AA0A5981CED9DA8000F1212 /* Security.framework */; };
		4AA0A59B1CED9DAF000F1212 /* SystemConfiguration.framework in Frameworks */ = {isa = PBXBuildFile; fileRef = 4AA0A59A1CED9DAF000F1212 /* SystemConfiguration.framework */; };
		4AA0A59E1CED9E48000F1212 /* libFlurry_7.6.3.a in Frameworks */ = {isa = PBXBuildFile; fileRef = 4AA0A59D1CED9E48000F1212 /* libFlurry_7.6.3.a */; };
		4AC5EF311CD1DF4600EDCD10 /* Main.storyboard in Resources */ = {isa = PBXBuildFile; fileRef = 4AC5EF301CD1DF4600EDCD10 /* Main.storyboard */; };
		A2EE2A08A524263370CC61AC /* Pods_CatchUp.framework in Frameworks */ = {isa = PBXBuildFile; fileRef = 451A89C49D153F145D06FF28 /* Pods_CatchUp.framework */; };
		C30B493B1CD2238D00A448EF /* SweetAlert.swift in Sources */ = {isa = PBXBuildFile; fileRef = C30B493A1CD2238D00A448EF /* SweetAlert.swift */; };
		C326DF341CF7888800980BEB /* tempBG.png in Resources */ = {isa = PBXBuildFile; fileRef = C326DF331CF7888800980BEB /* tempBG.png */; };
		C33642E81CE3FFEC002D03CA /* Bullish-100@2x.png in Resources */ = {isa = PBXBuildFile; fileRef = C33642E51CE3FFEC002D03CA /* Bullish-100@2x.png */; };
		C33642E91CE3FFEC002D03CA /* Hearts-100@2x.png in Resources */ = {isa = PBXBuildFile; fileRef = C33642E61CE3FFEC002D03CA /* Hearts-100@2x.png */; };
		C33642EA1CE3FFEC002D03CA /* Settings-100@2x.png in Resources */ = {isa = PBXBuildFile; fileRef = C33642E71CE3FFEC002D03CA /* Settings-100@2x.png */; };
		C33642EE1CE40059002D03CA /* Bullish-100.png in Resources */ = {isa = PBXBuildFile; fileRef = C33642EB1CE40059002D03CA /* Bullish-100.png */; };
		C33642EF1CE40059002D03CA /* Hearts-100.png in Resources */ = {isa = PBXBuildFile; fileRef = C33642EC1CE40059002D03CA /* Hearts-100.png */; };
		C33642F01CE40059002D03CA /* Settings-100.png in Resources */ = {isa = PBXBuildFile; fileRef = C33642ED1CE40059002D03CA /* Settings-100.png */; };
		C341CC691CFBA3630050848C /* start2.gif in Resources */ = {isa = PBXBuildFile; fileRef = C341CC651CFBA3630050848C /* start2.gif */; };
		C341CC6A1CFBA3630050848C /* start1.gif in Resources */ = {isa = PBXBuildFile; fileRef = C341CC661CFBA3630050848C /* start1.gif */; };
		C341CC6B1CFBA3630050848C /* greenBG.png in Resources */ = {isa = PBXBuildFile; fileRef = C341CC671CFBA3630050848C /* greenBG.png */; };
		C341CC6C1CFBA3630050848C /* darkblueBG.png in Resources */ = {isa = PBXBuildFile; fileRef = C341CC681CFBA3630050848C /* darkblueBG.png */; };
		C34A15121CED3A28008259A5 /* mashable.png in Resources */ = {isa = PBXBuildFile; fileRef = C34A15111CED3A28008259A5 /* mashable.png */; };
		C36942AF1CEE67DF0017C05F /* UIImage+Gif.swift in Sources */ = {isa = PBXBuildFile; fileRef = C36942AE1CEE67DF0017C05F /* UIImage+Gif.swift */; };
		C3772E231CEDB709001CC7F2 /* LoadingIndicatorView.swift in Sources */ = {isa = PBXBuildFile; fileRef = C3772E221CEDB709001CC7F2 /* LoadingIndicatorView.swift */; };
		C3772E331CEDBBF0001CC7F2 /* checkmark.gif in Resources */ = {isa = PBXBuildFile; fileRef = C3772E321CEDBBF0001CC7F2 /* checkmark.gif */; };
		C3772E351CEDBE40001CC7F2 /* start.gif in Resources */ = {isa = PBXBuildFile; fileRef = C3772E341CEDBE40001CC7F2 /* start.gif */; };
		C3772E371CEDBE92001CC7F2 /* blueBG.png in Resources */ = {isa = PBXBuildFile; fileRef = C3772E361CEDBE92001CC7F2 /* blueBG.png */; };
		C3C62B4A1CD1F0EE00A3FB58 /* CardsTableViewController.swift in Sources */ = {isa = PBXBuildFile; fileRef = C3C62B491CD1F0EE00A3FB58 /* CardsTableViewController.swift */; };
		C3C62B4C1CD1F22700A3FB58 /* CardTableViewCell.swift in Sources */ = {isa = PBXBuildFile; fileRef = C3C62B4B1CD1F22700A3FB58 /* CardTableViewCell.swift */; };
		C3C62B4E1CD1F53600A3FB58 /* sampleLogo.png in Resources */ = {isa = PBXBuildFile; fileRef = C3C62B4D1CD1F53600A3FB58 /* sampleLogo.png */; };
		C3C62B501CD1F57500A3FB58 /* sampleStory.jpg in Resources */ = {isa = PBXBuildFile; fileRef = C3C62B4F1CD1F57500A3FB58 /* sampleStory.jpg */; };
		C3DB57041CED9A3500D573CF /* Notie.swift in Sources */ = {isa = PBXBuildFile; fileRef = C3DB57021CED9A3500D573CF /* Notie.swift */; };
		C3DB57051CED9A3500D573CF /* NotieStyle.swift in Sources */ = {isa = PBXBuildFile; fileRef = C3DB57031CED9A3500D573CF /* NotieStyle.swift */; };
		C3DBE04B1CE40AEC009F699D /* AFDateExtension.swift in Sources */ = {isa = PBXBuildFile; fileRef = C3DBE04A1CE40AEC009F699D /* AFDateExtension.swift */; };
		C3DBE04D1CE41264009F699D /* ProgressBar.swift in Sources */ = {isa = PBXBuildFile; fileRef = C3DBE04C1CE41264009F699D /* ProgressBar.swift */; };
		C3DBE04F1CE414A3009F699D /* ProgressView.swift in Sources */ = {isa = PBXBuildFile; fileRef = C3DBE04E1CE414A3009F699D /* ProgressView.swift */; };
		C3E076751CD1E22000AA6CCB /* CAPSPageMenu.swift in Sources */ = {isa = PBXBuildFile; fileRef = C3E076741CD1E22000AA6CCB /* CAPSPageMenu.swift */; };
		C3EEBD2F1CD1FE0D00E638CF /* heart-7.png in Resources */ = {isa = PBXBuildFile; fileRef = C3EEBD2E1CD1FE0D00E638CF /* heart-7.png */; };
		C3EEBD321CD1FE5100E638CF /* list-fat-7.png in Resources */ = {isa = PBXBuildFile; fileRef = C3EEBD301CD1FE5100E638CF /* list-fat-7.png */; };
		C3EEBD331CD1FE5100E638CF /* paper-box-7.png in Resources */ = {isa = PBXBuildFile; fileRef = C3EEBD311CD1FE5100E638CF /* paper-box-7.png */; };
		C3EEBD351CD1FE5900E638CF /* gear-7.png in Resources */ = {isa = PBXBuildFile; fileRef = C3EEBD341CD1FE5900E638CF /* gear-7.png */; };
		C3EEBD471CD2045000E638CF /* Camping_intro.png in Resources */ = {isa = PBXBuildFile; fileRef = C3EEBD461CD2045000E638CF /* Camping_intro.png */; };
		C3EEBD491CD2075B00E638CF /* 404.png in Resources */ = {isa = PBXBuildFile; fileRef = C3EEBD481CD2075B00E638CF /* 404.png */; };
		C3EEBD4B1CD2107700E638CF /* XMLParser.swift in Sources */ = {isa = PBXBuildFile; fileRef = C3EEBD4A1CD2107700E638CF /* XMLParser.swift */; };
		C3EEBD511CD214F800E638CF /* nyt-logo.png in Resources */ = {isa = PBXBuildFile; fileRef = C3EEBD501CD214F800E638CF /* nyt-logo.png */; };
		C3EEBD551CD21B6200E638CF /* placeholder.png in Resources */ = {isa = PBXBuildFile; fileRef = C3EEBD541CD21B6200E638CF /* placeholder.png */; };
/* End PBXBuildFile section */

/* Begin PBXFileReference section */
		451A89C49D153F145D06FF28 /* Pods_CatchUp.framework */ = {isa = PBXFileReference; explicitFileType = wrapper.framework; includeInIndex = 0; path = Pods_CatchUp.framework; sourceTree = BUILT_PRODUCTS_DIR; };
		4A525CF81CD1B7FA00CF3D67 /* Loop.app */ = {isa = PBXFileReference; explicitFileType = wrapper.application; includeInIndex = 0; path = Loop.app; sourceTree = BUILT_PRODUCTS_DIR; };
		4A525CFB1CD1B7FA00CF3D67 /* AppDelegate.swift */ = {isa = PBXFileReference; lastKnownFileType = sourcecode.swift; path = AppDelegate.swift; sourceTree = "<group>"; };
		4A525CFD1CD1B7FA00CF3D67 /* ViewController.swift */ = {isa = PBXFileReference; lastKnownFileType = sourcecode.swift; path = ViewController.swift; sourceTree = "<group>"; };
		4A525D031CD1B7FA00CF3D67 /* CatchUp.xcdatamodel */ = {isa = PBXFileReference; lastKnownFileType = wrapper.xcdatamodel; path = CatchUp.xcdatamodel; sourceTree = "<group>"; };
		4A525D051CD1B7FA00CF3D67 /* Assets.xcassets */ = {isa = PBXFileReference; lastKnownFileType = folder.assetcatalog; path = Assets.xcassets; sourceTree = "<group>"; };
		4A525D081CD1B7FA00CF3D67 /* Base */ = {isa = PBXFileReference; lastKnownFileType = file.storyboard; name = Base; path = Base.lproj/LaunchScreen.storyboard; sourceTree = "<group>"; };
		4A525D0A1CD1B7FA00CF3D67 /* Info.plist */ = {isa = PBXFileReference; lastKnownFileType = text.plist.xml; path = Info.plist; sourceTree = "<group>"; };
		4A525D181CD1B89900CF3D67 /* Section+CoreDataProperties.swift */ = {isa = PBXFileReference; fileEncoding = 4; lastKnownFileType = sourcecode.swift; path = "Section+CoreDataProperties.swift"; sourceTree = "<group>"; };
		4A525D191CD1B89900CF3D67 /* Section.swift */ = {isa = PBXFileReference; fileEncoding = 4; lastKnownFileType = sourcecode.swift; path = Section.swift; sourceTree = "<group>"; };
		4A525D1A1CD1B89900CF3D67 /* Item+CoreDataProperties.swift */ = {isa = PBXFileReference; fileEncoding = 4; lastKnownFileType = sourcecode.swift; path = "Item+CoreDataProperties.swift"; sourceTree = "<group>"; };
		4A525D1B1CD1B89900CF3D67 /* Item.swift */ = {isa = PBXFileReference; fileEncoding = 4; lastKnownFileType = sourcecode.swift; path = Item.swift; sourceTree = "<group>"; };
		4A525D231CD1BC2B00CF3D67 /* SectionPickerTableViewController.swift */ = {isa = PBXFileReference; fileEncoding = 4; lastKnownFileType = sourcecode.swift; path = SectionPickerTableViewController.swift; sourceTree = "<group>"; };
		4A525D251CD1D0DC00CF3D67 /* PersonalizedViewController.swift */ = {isa = PBXFileReference; fileEncoding = 4; lastKnownFileType = sourcecode.swift; path = PersonalizedViewController.swift; sourceTree = "<group>"; };
		4A525D271CD1D0F000CF3D67 /* PopularViewController.swift */ = {isa = PBXFileReference; fileEncoding = 4; lastKnownFileType = sourcecode.swift; path = PopularViewController.swift; sourceTree = "<group>"; };
		4A525D291CD1D0F800CF3D67 /* SettingsViewController.swift */ = {isa = PBXFileReference; fileEncoding = 4; lastKnownFileType = sourcecode.swift; path = SettingsViewController.swift; sourceTree = "<group>"; };
		4AA0A5861CEC4D16000F1212 /* wired.png */ = {isa = PBXFileReference; lastKnownFileType = image.png; path = wired.png; sourceTree = "<group>"; };
		4AA0A5871CEC4D16000F1212 /* techradar.png */ = {isa = PBXFileReference; lastKnownFileType = image.png; path = techradar.png; sourceTree = "<group>"; };
		4AA0A5881CEC4D16000F1212 /* techcrunch.png */ = {isa = PBXFileReference; lastKnownFileType = image.png; path = techcrunch.png; sourceTree = "<group>"; };
		4AA0A5891CEC4D16000F1212 /* newyorktimes.png */ = {isa = PBXFileReference; lastKnownFileType = image.png; path = newyorktimes.png; sourceTree = "<group>"; };
		4AA0A58A1CEC4D16000F1212 /* medium.png */ = {isa = PBXFileReference; lastKnownFileType = image.png; path = medium.png; sourceTree = "<group>"; };
		4AA0A58C1CEC4D16000F1212 /* lifehacker.png */ = {isa = PBXFileReference; lastKnownFileType = image.png; path = lifehacker.png; sourceTree = "<group>"; };
		4AA0A58D1CEC4D16000F1212 /* gizmodo.png */ = {isa = PBXFileReference; lastKnownFileType = image.png; path = gizmodo.png; sourceTree = "<group>"; };
		4AA0A58E1CEC4D16000F1212 /* engadget.png */ = {isa = PBXFileReference; lastKnownFileType = image.png; path = engadget.png; sourceTree = "<group>"; };
		4AA0A5981CED9DA8000F1212 /* Security.framework */ = {isa = PBXFileReference; lastKnownFileType = wrapper.framework; name = Security.framework; path = System/Library/Frameworks/Security.framework; sourceTree = SDKROOT; };
		4AA0A59A1CED9DAF000F1212 /* SystemConfiguration.framework */ = {isa = PBXFileReference; lastKnownFileType = wrapper.framework; name = SystemConfiguration.framework; path = System/Library/Frameworks/SystemConfiguration.framework; sourceTree = SDKROOT; };
		4AA0A59C1CED9E48000F1212 /* Flurry.h */ = {isa = PBXFileReference; fileEncoding = 4; lastKnownFileType = sourcecode.c.h; path = Flurry.h; sourceTree = "<group>"; };
		4AA0A59D1CED9E48000F1212 /* libFlurry_7.6.3.a */ = {isa = PBXFileReference; lastKnownFileType = archive.ar; path = libFlurry_7.6.3.a; sourceTree = "<group>"; };
		4AC5EF301CD1DF4600EDCD10 /* Main.storyboard */ = {isa = PBXFileReference; fileEncoding = 4; lastKnownFileType = file.storyboard; path = Main.storyboard; sourceTree = "<group>"; };
		4AFE9EB71CEDA00B003DA753 /* CatchUp-Bridging-Header.h */ = {isa = PBXFileReference; lastKnownFileType = sourcecode.c.h; path = "CatchUp-Bridging-Header.h"; sourceTree = "<group>"; };
		7BC10FDF9C192CCBBC8FA529 /* Pods-CatchUp.release.xcconfig */ = {isa = PBXFileReference; includeInIndex = 1; lastKnownFileType = text.xcconfig; name = "Pods-CatchUp.release.xcconfig"; path = "Pods/Target Support Files/Pods-CatchUp/Pods-CatchUp.release.xcconfig"; sourceTree = "<group>"; };
		8675EF76CE4433BC7FAFF77B /* Pods-CatchUp.debug.xcconfig */ = {isa = PBXFileReference; includeInIndex = 1; lastKnownFileType = text.xcconfig; name = "Pods-CatchUp.debug.xcconfig"; path = "Pods/Target Support Files/Pods-CatchUp/Pods-CatchUp.debug.xcconfig"; sourceTree = "<group>"; };
		C30B493A1CD2238D00A448EF /* SweetAlert.swift */ = {isa = PBXFileReference; fileEncoding = 4; lastKnownFileType = sourcecode.swift; path = SweetAlert.swift; sourceTree = "<group>"; };
		C326DF331CF7888800980BEB /* tempBG.png */ = {isa = PBXFileReference; lastKnownFileType = image.png; path = tempBG.png; sourceTree = "<group>"; };
		C33642E51CE3FFEC002D03CA /* Bullish-100@2x.png */ = {isa = PBXFileReference; lastKnownFileType = image.png; path = "Bullish-100@2x.png"; sourceTree = "<group>"; };
		C33642E61CE3FFEC002D03CA /* Hearts-100@2x.png */ = {isa = PBXFileReference; lastKnownFileType = image.png; path = "Hearts-100@2x.png"; sourceTree = "<group>"; };
		C33642E71CE3FFEC002D03CA /* Settings-100@2x.png */ = {isa = PBXFileReference; lastKnownFileType = image.png; path = "Settings-100@2x.png"; sourceTree = "<group>"; };
		C33642EB1CE40059002D03CA /* Bullish-100.png */ = {isa = PBXFileReference; lastKnownFileType = image.png; path = "Bullish-100.png"; sourceTree = "<group>"; };
		C33642EC1CE40059002D03CA /* Hearts-100.png */ = {isa = PBXFileReference; lastKnownFileType = image.png; path = "Hearts-100.png"; sourceTree = "<group>"; };
		C33642ED1CE40059002D03CA /* Settings-100.png */ = {isa = PBXFileReference; lastKnownFileType = image.png; path = "Settings-100.png"; sourceTree = "<group>"; };
		C341CC651CFBA3630050848C /* start2.gif */ = {isa = PBXFileReference; lastKnownFileType = image.gif; path = start2.gif; sourceTree = "<group>"; };
		C341CC661CFBA3630050848C /* start1.gif */ = {isa = PBXFileReference; lastKnownFileType = image.gif; path = start1.gif; sourceTree = "<group>"; };
		C341CC671CFBA3630050848C /* greenBG.png */ = {isa = PBXFileReference; lastKnownFileType = image.png; path = greenBG.png; sourceTree = "<group>"; };
		C341CC681CFBA3630050848C /* darkblueBG.png */ = {isa = PBXFileReference; lastKnownFileType = image.png; path = darkblueBG.png; sourceTree = "<group>"; };
		C34A15111CED3A28008259A5 /* mashable.png */ = {isa = PBXFileReference; lastKnownFileType = image.png; path = mashable.png; sourceTree = "<group>"; };
		C36942AE1CEE67DF0017C05F /* UIImage+Gif.swift */ = {isa = PBXFileReference; fileEncoding = 4; lastKnownFileType = sourcecode.swift; path = "UIImage+Gif.swift"; sourceTree = "<group>"; };
		C3772E221CEDB709001CC7F2 /* LoadingIndicatorView.swift */ = {isa = PBXFileReference; fileEncoding = 4; lastKnownFileType = sourcecode.swift; path = LoadingIndicatorView.swift; sourceTree = "<group>"; };
		C3772E321CEDBBF0001CC7F2 /* checkmark.gif */ = {isa = PBXFileReference; lastKnownFileType = image.gif; path = checkmark.gif; sourceTree = "<group>"; };
		C3772E341CEDBE40001CC7F2 /* start.gif */ = {isa = PBXFileReference; lastKnownFileType = image.gif; path = start.gif; sourceTree = "<group>"; };
		C3772E361CEDBE92001CC7F2 /* blueBG.png */ = {isa = PBXFileReference; lastKnownFileType = image.png; path = blueBG.png; sourceTree = "<group>"; };
		C3C62B491CD1F0EE00A3FB58 /* CardsTableViewController.swift */ = {isa = PBXFileReference; fileEncoding = 4; lastKnownFileType = sourcecode.swift; path = CardsTableViewController.swift; sourceTree = "<group>"; };
		C3C62B4B1CD1F22700A3FB58 /* CardTableViewCell.swift */ = {isa = PBXFileReference; fileEncoding = 4; lastKnownFileType = sourcecode.swift; path = CardTableViewCell.swift; sourceTree = "<group>"; };
		C3C62B4D1CD1F53600A3FB58 /* sampleLogo.png */ = {isa = PBXFileReference; lastKnownFileType = image.png; path = sampleLogo.png; sourceTree = "<group>"; };
		C3C62B4F1CD1F57500A3FB58 /* sampleStory.jpg */ = {isa = PBXFileReference; lastKnownFileType = image.jpeg; path = sampleStory.jpg; sourceTree = "<group>"; };
		C3DB57021CED9A3500D573CF /* Notie.swift */ = {isa = PBXFileReference; fileEncoding = 4; lastKnownFileType = sourcecode.swift; path = Notie.swift; sourceTree = "<group>"; };
		C3DB57031CED9A3500D573CF /* NotieStyle.swift */ = {isa = PBXFileReference; fileEncoding = 4; lastKnownFileType = sourcecode.swift; path = NotieStyle.swift; sourceTree = "<group>"; };
		C3DBE04A1CE40AEC009F699D /* AFDateExtension.swift */ = {isa = PBXFileReference; fileEncoding = 4; lastKnownFileType = sourcecode.swift; path = AFDateExtension.swift; sourceTree = "<group>"; };
		C3DBE04C1CE41264009F699D /* ProgressBar.swift */ = {isa = PBXFileReference; fileEncoding = 4; lastKnownFileType = sourcecode.swift; path = ProgressBar.swift; sourceTree = "<group>"; };
		C3DBE04E1CE414A3009F699D /* ProgressView.swift */ = {isa = PBXFileReference; fileEncoding = 4; lastKnownFileType = sourcecode.swift; path = ProgressView.swift; sourceTree = "<group>"; };
		C3E076741CD1E22000AA6CCB /* CAPSPageMenu.swift */ = {isa = PBXFileReference; fileEncoding = 4; lastKnownFileType = sourcecode.swift; path = CAPSPageMenu.swift; sourceTree = "<group>"; };
		C3EEBD2E1CD1FE0D00E638CF /* heart-7.png */ = {isa = PBXFileReference; lastKnownFileType = image.png; path = "heart-7.png"; sourceTree = "<group>"; };
		C3EEBD301CD1FE5100E638CF /* list-fat-7.png */ = {isa = PBXFileReference; lastKnownFileType = image.png; path = "list-fat-7.png"; sourceTree = "<group>"; };
		C3EEBD311CD1FE5100E638CF /* paper-box-7.png */ = {isa = PBXFileReference; lastKnownFileType = image.png; path = "paper-box-7.png"; sourceTree = "<group>"; };
		C3EEBD341CD1FE5900E638CF /* gear-7.png */ = {isa = PBXFileReference; lastKnownFileType = image.png; path = "gear-7.png"; sourceTree = "<group>"; };
		C3EEBD461CD2045000E638CF /* Camping_intro.png */ = {isa = PBXFileReference; lastKnownFileType = image.png; path = Camping_intro.png; sourceTree = "<group>"; };
		C3EEBD481CD2075B00E638CF /* 404.png */ = {isa = PBXFileReference; lastKnownFileType = image.png; path = 404.png; sourceTree = "<group>"; };
		C3EEBD4A1CD2107700E638CF /* XMLParser.swift */ = {isa = PBXFileReference; fileEncoding = 4; lastKnownFileType = sourcecode.swift; path = XMLParser.swift; sourceTree = "<group>"; };
		C3EEBD501CD214F800E638CF /* nyt-logo.png */ = {isa = PBXFileReference; lastKnownFileType = image.png; path = "nyt-logo.png"; sourceTree = "<group>"; };
		C3EEBD541CD21B6200E638CF /* placeholder.png */ = {isa = PBXFileReference; lastKnownFileType = image.png; path = placeholder.png; sourceTree = "<group>"; };
/* End PBXFileReference section */

/* Begin PBXFrameworksBuildPhase section */
		4A525CF51CD1B7FA00CF3D67 /* Frameworks */ = {
			isa = PBXFrameworksBuildPhase;
			buildActionMask = 2147483647;
			files = (
				4AA0A59B1CED9DAF000F1212 /* SystemConfiguration.framework in Frameworks */,
				4AA0A5991CED9DA8000F1212 /* Security.framework in Frameworks */,
				4AA0A59E1CED9E48000F1212 /* libFlurry_7.6.3.a in Frameworks */,
				A2EE2A08A524263370CC61AC /* Pods_CatchUp.framework in Frameworks */,
			);
			runOnlyForDeploymentPostprocessing = 0;
		};
/* End PBXFrameworksBuildPhase section */

/* Begin PBXGroup section */
		4A525CEF1CD1B7FA00CF3D67 = {
			isa = PBXGroup;
			children = (
				4A525CFA1CD1B7FA00CF3D67 /* CatchUp */,
				4A525CF91CD1B7FA00CF3D67 /* Products */,
				7A7F455B6FE2B656C3BB4868 /* Pods */,
				E7B4122822097FA98B091052 /* Frameworks */,
			);
			sourceTree = "<group>";
		};
		4A525CF91CD1B7FA00CF3D67 /* Products */ = {
			isa = PBXGroup;
			children = (
				4A525CF81CD1B7FA00CF3D67 /* Loop.app */,
			);
			name = Products;
			sourceTree = "<group>";
		};
		4A525CFA1CD1B7FA00CF3D67 /* CatchUp */ = {
			isa = PBXGroup;
			children = (
				4AA0A59F1CED9E57000F1212 /* Instrumentation */,
				4A525D201CD1B8B100CF3D67 /* Core Data */,
				4A525CFB1CD1B7FA00CF3D67 /* AppDelegate.swift */,
				4A525D231CD1BC2B00CF3D67 /* SectionPickerTableViewController.swift */,
				C3E076741CD1E22000AA6CCB /* CAPSPageMenu.swift */,
				4A525CFD1CD1B7FA00CF3D67 /* ViewController.swift */,
				4A525D251CD1D0DC00CF3D67 /* PersonalizedViewController.swift */,
				C3DBE04E1CE414A3009F699D /* ProgressView.swift */,
				4A525D271CD1D0F000CF3D67 /* PopularViewController.swift */,
				4A525D291CD1D0F800CF3D67 /* SettingsViewController.swift */,
				4AC5EF301CD1DF4600EDCD10 /* Main.storyboard */,
				C3C62B4B1CD1F22700A3FB58 /* CardTableViewCell.swift */,
				C3C62B491CD1F0EE00A3FB58 /* CardsTableViewController.swift */,
				C30B493A1CD2238D00A448EF /* SweetAlert.swift */,
				C3DBE04A1CE40AEC009F699D /* AFDateExtension.swift */,
				C3EEBD4A1CD2107700E638CF /* XMLParser.swift */,
				C3DBE04C1CE41264009F699D /* ProgressBar.swift */,
				C3DB57021CED9A3500D573CF /* Notie.swift */,
				C3DB57031CED9A3500D573CF /* NotieStyle.swift */,
				C3772E221CEDB709001CC7F2 /* LoadingIndicatorView.swift */,
				C36942AE1CEE67DF0017C05F /* UIImage+Gif.swift */,
				C33642F11CE407EE002D03CA /* Image Resources */,
				4A525D051CD1B7FA00CF3D67 /* Assets.xcassets */,
				4A525D071CD1B7FA00CF3D67 /* LaunchScreen.storyboard */,
				4A525D0A1CD1B7FA00CF3D67 /* Info.plist */,
			);
			path = CatchUp;
			sourceTree = "<group>";
		};
		4A525D201CD1B8B100CF3D67 /* Core Data */ = {
			isa = PBXGroup;
			children = (
				4A525D181CD1B89900CF3D67 /* Section+CoreDataProperties.swift */,
				4A525D191CD1B89900CF3D67 /* Section.swift */,
				4A525D1A1CD1B89900CF3D67 /* Item+CoreDataProperties.swift */,
				4A525D1B1CD1B89900CF3D67 /* Item.swift */,
				4A525D021CD1B7FA00CF3D67 /* CatchUp.xcdatamodeld */,
			);
			name = "Core Data";
			sourceTree = "<group>";
		};
		4AA0A59F1CED9E57000F1212 /* Instrumentation */ = {
			isa = PBXGroup;
			children = (
				4AA0A59C1CED9E48000F1212 /* Flurry.h */,
				4AA0A59D1CED9E48000F1212 /* libFlurry_7.6.3.a */,
				4AFE9EB71CEDA00B003DA753 /* CatchUp-Bridging-Header.h */,
			);
			name = Instrumentation;
			sourceTree = "<group>";
		};
		7A7F455B6FE2B656C3BB4868 /* Pods */ = {
			isa = PBXGroup;
			children = (
				8675EF76CE4433BC7FAFF77B /* Pods-CatchUp.debug.xcconfig */,
				7BC10FDF9C192CCBBC8FA529 /* Pods-CatchUp.release.xcconfig */,
			);
			name = Pods;
			sourceTree = "<group>";
		};
		C33642F11CE407EE002D03CA /* Image Resources */ = {
			isa = PBXGroup;
			children = (
				C341CC651CFBA3630050848C /* start2.gif */,
				C341CC661CFBA3630050848C /* start1.gif */,
				C341CC671CFBA3630050848C /* greenBG.png */,
				C341CC681CFBA3630050848C /* darkblueBG.png */,
				C326DF331CF7888800980BEB /* tempBG.png */,
				C3772E361CEDBE92001CC7F2 /* blueBG.png */,
				C3772E341CEDBE40001CC7F2 /* start.gif */,
				C3772E321CEDBBF0001CC7F2 /* checkmark.gif */,
				4AA0A5861CEC4D16000F1212 /* wired.png */,
				4AA0A5871CEC4D16000F1212 /* techradar.png */,
				4AA0A5881CEC4D16000F1212 /* techcrunch.png */,
				4AA0A5891CEC4D16000F1212 /* newyorktimes.png */,
				4AA0A58A1CEC4D16000F1212 /* medium.png */,
				4AA0A58C1CEC4D16000F1212 /* lifehacker.png */,
				4AA0A58D1CEC4D16000F1212 /* gizmodo.png */,
				4AA0A58E1CEC4D16000F1212 /* engadget.png */,
				C3C62B4D1CD1F53600A3FB58 /* sampleLogo.png */,
				C3C62B4F1CD1F57500A3FB58 /* sampleStory.jpg */,
				C34A15111CED3A28008259A5 /* mashable.png */,
				C3EEBD2E1CD1FE0D00E638CF /* heart-7.png */,
				C3EEBD301CD1FE5100E638CF /* list-fat-7.png */,
				C3EEBD311CD1FE5100E638CF /* paper-box-7.png */,
				C3EEBD341CD1FE5900E638CF /* gear-7.png */,
				C3EEBD541CD21B6200E638CF /* placeholder.png */,
				C3EEBD461CD2045000E638CF /* Camping_intro.png */,
				C3EEBD481CD2075B00E638CF /* 404.png */,
				C3EEBD501CD214F800E638CF /* nyt-logo.png */,
				C33642E51CE3FFEC002D03CA /* Bullish-100@2x.png */,
				C33642E61CE3FFEC002D03CA /* Hearts-100@2x.png */,
				C33642E71CE3FFEC002D03CA /* Settings-100@2x.png */,
				C33642EB1CE40059002D03CA /* Bullish-100.png */,
				C33642EC1CE40059002D03CA /* Hearts-100.png */,
				C33642ED1CE40059002D03CA /* Settings-100.png */,
			);
			name = "Image Resources";
			sourceTree = "<group>";
		};
		E7B4122822097FA98B091052 /* Frameworks */ = {
			isa = PBXGroup;
			children = (
				4AA0A59A1CED9DAF000F1212 /* SystemConfiguration.framework */,
				4AA0A5981CED9DA8000F1212 /* Security.framework */,
				451A89C49D153F145D06FF28 /* Pods_CatchUp.framework */,
			);
			name = Frameworks;
			sourceTree = "<group>";
		};
/* End PBXGroup section */

/* Begin PBXNativeTarget section */
		4A525CF71CD1B7FA00CF3D67 /* CatchUp */ = {
			isa = PBXNativeTarget;
			buildConfigurationList = 4A525D0D1CD1B7FA00CF3D67 /* Build configuration list for PBXNativeTarget "CatchUp" */;
			buildPhases = (
				2EC14441E0AD63631ABC0EC5 /* 📦 Check Pods Manifest.lock */,
				4A525CF41CD1B7FA00CF3D67 /* Sources */,
				4A525CF51CD1B7FA00CF3D67 /* Frameworks */,
				4A525CF61CD1B7FA00CF3D67 /* Resources */,
				5F6A9B5796DCA46145A487F0 /* 📦 Embed Pods Frameworks */,
				5EE81518737C2B4DE77DBDF6 /* 📦 Copy Pods Resources */,
			);
			buildRules = (
			);
			dependencies = (
			);
			name = CatchUp;
			productName = CatchUp;
			productReference = 4A525CF81CD1B7FA00CF3D67 /* Loop.app */;
			productType = "com.apple.product-type.application";
		};
/* End PBXNativeTarget section */

/* Begin PBXProject section */
		4A525CF01CD1B7FA00CF3D67 /* Project object */ = {
			isa = PBXProject;
			attributes = {
				LastSwiftUpdateCheck = 0730;
				LastUpgradeCheck = 0720;
				ORGANIZATIONNAME = "Stanford University";
				TargetAttributes = {
					4A525CF71CD1B7FA00CF3D67 = {
						CreatedOnToolsVersion = 7.2;
						DevelopmentTeam = KV538L7D7P;
					};
				};
			};
			buildConfigurationList = 4A525CF31CD1B7FA00CF3D67 /* Build configuration list for PBXProject "CatchUp" */;
			compatibilityVersion = "Xcode 3.2";
			developmentRegion = English;
			hasScannedForEncodings = 0;
			knownRegions = (
				en,
				Base,
			);
			mainGroup = 4A525CEF1CD1B7FA00CF3D67;
			productRefGroup = 4A525CF91CD1B7FA00CF3D67 /* Products */;
			projectDirPath = "";
			projectRoot = "";
			targets = (
				4A525CF71CD1B7FA00CF3D67 /* CatchUp */,
			);
		};
/* End PBXProject section */

/* Begin PBXResourcesBuildPhase section */
		4A525CF61CD1B7FA00CF3D67 /* Resources */ = {
			isa = PBXResourcesBuildPhase;
			buildActionMask = 2147483647;
			files = (
				C341CC6C1CFBA3630050848C /* darkblueBG.png in Resources */,
				C3EEBD511CD214F800E638CF /* nyt-logo.png in Resources */,
				C3772E351CEDBE40001CC7F2 /* start.gif in Resources */,
				C3EEBD471CD2045000E638CF /* Camping_intro.png in Resources */,
				4AA0A5971CEC4D16000F1212 /* engadget.png in Resources */,
				C3EEBD491CD2075B00E638CF /* 404.png in Resources */,
				C3EEBD551CD21B6200E638CF /* placeholder.png in Resources */,
				C33642E91CE3FFEC002D03CA /* Hearts-100@2x.png in Resources */,
				C33642EA1CE3FFEC002D03CA /* Settings-100@2x.png in Resources */,
				4AA0A5931CEC4D16000F1212 /* medium.png in Resources */,
				C3EEBD2F1CD1FE0D00E638CF /* heart-7.png in Resources */,
				C33642E81CE3FFEC002D03CA /* Bullish-100@2x.png in Resources */,
				C3C62B4E1CD1F53600A3FB58 /* sampleLogo.png in Resources */,
				4AC5EF311CD1DF4600EDCD10 /* Main.storyboard in Resources */,
				4A525D091CD1B7FA00CF3D67 /* LaunchScreen.storyboard in Resources */,
				C341CC691CFBA3630050848C /* start2.gif in Resources */,
				C341CC6A1CFBA3630050848C /* start1.gif in Resources */,
				4AA0A58F1CEC4D16000F1212 /* wired.png in Resources */,
				C341CC6B1CFBA3630050848C /* greenBG.png in Resources */,
				C3772E371CEDBE92001CC7F2 /* blueBG.png in Resources */,
				4AA0A5921CEC4D16000F1212 /* newyorktimes.png in Resources */,
				4AA0A5961CEC4D16000F1212 /* gizmodo.png in Resources */,
				C3EEBD331CD1FE5100E638CF /* paper-box-7.png in Resources */,
				C3EEBD321CD1FE5100E638CF /* list-fat-7.png in Resources */,
				C3C62B501CD1F57500A3FB58 /* sampleStory.jpg in Resources */,
				4A525D061CD1B7FA00CF3D67 /* Assets.xcassets in Resources */,
				C34A15121CED3A28008259A5 /* mashable.png in Resources */,
				C3772E331CEDBBF0001CC7F2 /* checkmark.gif in Resources */,
				4AA0A5911CEC4D16000F1212 /* techcrunch.png in Resources */,
				C33642EF1CE40059002D03CA /* Hearts-100.png in Resources */,
				C33642F01CE40059002D03CA /* Settings-100.png in Resources */,
				C3EEBD351CD1FE5900E638CF /* gear-7.png in Resources */,
				C326DF341CF7888800980BEB /* tempBG.png in Resources */,
				C33642EE1CE40059002D03CA /* Bullish-100.png in Resources */,
				4AA0A5901CEC4D16000F1212 /* techradar.png in Resources */,
				4AA0A5951CEC4D16000F1212 /* lifehacker.png in Resources */,
			);
			runOnlyForDeploymentPostprocessing = 0;
		};
/* End PBXResourcesBuildPhase section */

/* Begin PBXShellScriptBuildPhase section */
		2EC14441E0AD63631ABC0EC5 /* 📦 Check Pods Manifest.lock */ = {
			isa = PBXShellScriptBuildPhase;
			buildActionMask = 2147483647;
			files = (
			);
			inputPaths = (
			);
			name = "📦 Check Pods Manifest.lock";
			outputPaths = (
			);
			runOnlyForDeploymentPostprocessing = 0;
			shellPath = /bin/sh;
			shellScript = "diff \"${PODS_ROOT}/../Podfile.lock\" \"${PODS_ROOT}/Manifest.lock\" > /dev/null\nif [[ $? != 0 ]] ; then\n    cat << EOM\nerror: The sandbox is not in sync with the Podfile.lock. Run 'pod install' or update your CocoaPods installation.\nEOM\n    exit 1\nfi\n";
			showEnvVarsInLog = 0;
		};
		5EE81518737C2B4DE77DBDF6 /* 📦 Copy Pods Resources */ = {
			isa = PBXShellScriptBuildPhase;
			buildActionMask = 2147483647;
			files = (
			);
			inputPaths = (
			);
			name = "📦 Copy Pods Resources";
			outputPaths = (
			);
			runOnlyForDeploymentPostprocessing = 0;
			shellPath = /bin/sh;
			shellScript = "\"${SRCROOT}/Pods/Target Support Files/Pods-CatchUp/Pods-CatchUp-resources.sh\"\n";
			showEnvVarsInLog = 0;
		};
		5F6A9B5796DCA46145A487F0 /* 📦 Embed Pods Frameworks */ = {
			isa = PBXShellScriptBuildPhase;
			buildActionMask = 2147483647;
			files = (
			);
			inputPaths = (
			);
			name = "📦 Embed Pods Frameworks";
			outputPaths = (
			);
			runOnlyForDeploymentPostprocessing = 0;
			shellPath = /bin/sh;
			shellScript = "\"${SRCROOT}/Pods/Target Support Files/Pods-CatchUp/Pods-CatchUp-frameworks.sh\"\n";
			showEnvVarsInLog = 0;
		};
/* End PBXShellScriptBuildPhase section */

/* Begin PBXSourcesBuildPhase section */
		4A525CF41CD1B7FA00CF3D67 /* Sources */ = {
			isa = PBXSourcesBuildPhase;
			buildActionMask = 2147483647;
			files = (
				4A525D1E1CD1B89900CF3D67 /* Item+CoreDataProperties.swift in Sources */,
				4A525D1D1CD1B89900CF3D67 /* Section.swift in Sources */,
				C3E076751CD1E22000AA6CCB /* CAPSPageMenu.swift in Sources */,
				4A525D2A1CD1D0F800CF3D67 /* SettingsViewController.swift in Sources */,
				C3DBE04D1CE41264009F699D /* ProgressBar.swift in Sources */,
				4A525D041CD1B7FA00CF3D67 /* CatchUp.xcdatamodeld in Sources */,
				4A525D241CD1BC2B00CF3D67 /* SectionPickerTableViewController.swift in Sources */,
				4A525D261CD1D0DC00CF3D67 /* PersonalizedViewController.swift in Sources */,
				4A525CFE1CD1B7FA00CF3D67 /* ViewController.swift in Sources */,
				C3DBE04B1CE40AEC009F699D /* AFDateExtension.swift in Sources */,
				4A525D281CD1D0F000CF3D67 /* PopularViewController.swift in Sources */,
				4A525D1F1CD1B89900CF3D67 /* Item.swift in Sources */,
				4A525D1C1CD1B89900CF3D67 /* Section+CoreDataProperties.swift in Sources */,
				C3772E231CEDB709001CC7F2 /* LoadingIndicatorView.swift in Sources */,
				C30B493B1CD2238D00A448EF /* SweetAlert.swift in Sources */,
				C36942AF1CEE67DF0017C05F /* UIImage+Gif.swift in Sources */,
				C3C62B4A1CD1F0EE00A3FB58 /* CardsTableViewController.swift in Sources */,
				C3DB57051CED9A3500D573CF /* NotieStyle.swift in Sources */,
				4A525CFC1CD1B7FA00CF3D67 /* AppDelegate.swift in Sources */,
				C3DBE04F1CE414A3009F699D /* ProgressView.swift in Sources */,
				C3DB57041CED9A3500D573CF /* Notie.swift in Sources */,
				C3C62B4C1CD1F22700A3FB58 /* CardTableViewCell.swift in Sources */,
				C3EEBD4B1CD2107700E638CF /* XMLParser.swift in Sources */,
			);
			runOnlyForDeploymentPostprocessing = 0;
		};
/* End PBXSourcesBuildPhase section */

/* Begin PBXVariantGroup section */
		4A525D071CD1B7FA00CF3D67 /* LaunchScreen.storyboard */ = {
			isa = PBXVariantGroup;
			children = (
				4A525D081CD1B7FA00CF3D67 /* Base */,
			);
			name = LaunchScreen.storyboard;
			sourceTree = "<group>";
		};
/* End PBXVariantGroup section */

/* Begin XCBuildConfiguration section */
		4A525D0B1CD1B7FA00CF3D67 /* Debug */ = {
			isa = XCBuildConfiguration;
			buildSettings = {
				ALWAYS_SEARCH_USER_PATHS = NO;
				CLANG_CXX_LANGUAGE_STANDARD = "gnu++0x";
				CLANG_CXX_LIBRARY = "libc++";
				CLANG_ENABLE_MODULES = YES;
				CLANG_ENABLE_OBJC_ARC = YES;
				CLANG_WARN_BOOL_CONVERSION = YES;
				CLANG_WARN_CONSTANT_CONVERSION = YES;
				CLANG_WARN_DIRECT_OBJC_ISA_USAGE = YES_ERROR;
				CLANG_WARN_EMPTY_BODY = YES;
				CLANG_WARN_ENUM_CONVERSION = YES;
				CLANG_WARN_INT_CONVERSION = YES;
				CLANG_WARN_OBJC_ROOT_CLASS = YES_ERROR;
				CLANG_WARN_UNREACHABLE_CODE = YES;
				CLANG_WARN__DUPLICATE_METHOD_MATCH = YES;
				"CODE_SIGN_IDENTITY[sdk=iphoneos*]" = "iPhone Developer";
				COPY_PHASE_STRIP = NO;
				DEBUG_INFORMATION_FORMAT = dwarf;
				ENABLE_STRICT_OBJC_MSGSEND = YES;
				ENABLE_TESTABILITY = YES;
				GCC_C_LANGUAGE_STANDARD = gnu99;
				GCC_DYNAMIC_NO_PIC = NO;
				GCC_NO_COMMON_BLOCKS = YES;
				GCC_OPTIMIZATION_LEVEL = 0;
				GCC_PREPROCESSOR_DEFINITIONS = (
					"DEBUG=1",
					"$(inherited)",
				);
				GCC_WARN_64_TO_32_BIT_CONVERSION = YES;
				GCC_WARN_ABOUT_RETURN_TYPE = YES_ERROR;
				GCC_WARN_UNDECLARED_SELECTOR = YES;
				GCC_WARN_UNINITIALIZED_AUTOS = YES_AGGRESSIVE;
				GCC_WARN_UNUSED_FUNCTION = YES;
				GCC_WARN_UNUSED_VARIABLE = YES;
				IPHONEOS_DEPLOYMENT_TARGET = 9.2;
				MTL_ENABLE_DEBUG_INFO = YES;
				ONLY_ACTIVE_ARCH = YES;
				SDKROOT = iphoneos;
				SWIFT_OPTIMIZATION_LEVEL = "-Onone";
			};
			name = Debug;
		};
		4A525D0C1CD1B7FA00CF3D67 /* Release */ = {
			isa = XCBuildConfiguration;
			buildSettings = {
				ALWAYS_SEARCH_USER_PATHS = NO;
				CLANG_CXX_LANGUAGE_STANDARD = "gnu++0x";
				CLANG_CXX_LIBRARY = "libc++";
				CLANG_ENABLE_MODULES = YES;
				CLANG_ENABLE_OBJC_ARC = YES;
				CLANG_WARN_BOOL_CONVERSION = YES;
				CLANG_WARN_CONSTANT_CONVERSION = YES;
				CLANG_WARN_DIRECT_OBJC_ISA_USAGE = YES_ERROR;
				CLANG_WARN_EMPTY_BODY = YES;
				CLANG_WARN_ENUM_CONVERSION = YES;
				CLANG_WARN_INT_CONVERSION = YES;
				CLANG_WARN_OBJC_ROOT_CLASS = YES_ERROR;
				CLANG_WARN_UNREACHABLE_CODE = YES;
				CLANG_WARN__DUPLICATE_METHOD_MATCH = YES;
				"CODE_SIGN_IDENTITY[sdk=iphoneos*]" = "iPhone Developer";
				COPY_PHASE_STRIP = NO;
				DEBUG_INFORMATION_FORMAT = "dwarf-with-dsym";
				ENABLE_NS_ASSERTIONS = NO;
				ENABLE_STRICT_OBJC_MSGSEND = YES;
				GCC_C_LANGUAGE_STANDARD = gnu99;
				GCC_NO_COMMON_BLOCKS = YES;
				GCC_WARN_64_TO_32_BIT_CONVERSION = YES;
				GCC_WARN_ABOUT_RETURN_TYPE = YES_ERROR;
				GCC_WARN_UNDECLARED_SELECTOR = YES;
				GCC_WARN_UNINITIALIZED_AUTOS = YES_AGGRESSIVE;
				GCC_WARN_UNUSED_FUNCTION = YES;
				GCC_WARN_UNUSED_VARIABLE = YES;
				IPHONEOS_DEPLOYMENT_TARGET = 9.2;
				MTL_ENABLE_DEBUG_INFO = NO;
				SDKROOT = iphoneos;
				VALIDATE_PRODUCT = YES;
			};
			name = Release;
		};
		4A525D0E1CD1B7FA00CF3D67 /* Debug */ = {
			isa = XCBuildConfiguration;
			baseConfigurationReference = 8675EF76CE4433BC7FAFF77B /* Pods-CatchUp.debug.xcconfig */;
			buildSettings = {
				ASSETCATALOG_COMPILER_APPICON_NAME = AppIcon;
				CLANG_ENABLE_MODULES = YES;
				CODE_SIGN_IDENTITY = "iPhone Developer";
				"CODE_SIGN_IDENTITY[sdk=iphoneos*]" = "iPhone Developer";
				INFOPLIST_FILE = CatchUp/Info.plist;
				LD_RUNPATH_SEARCH_PATHS = "$(inherited) @executable_path/Frameworks";
				LIBRARY_SEARCH_PATHS = (
					"$(inherited)",
					"$(PROJECT_DIR)/CatchUp",
				);
				PRODUCT_BUNDLE_IDENTIFIER = com.SerendipityLabs.CatchUp;
				PRODUCT_NAME = Loop;
				PROVISIONING_PROFILE = "";
				SWIFT_OBJC_BRIDGING_HEADER = "CatchUp/CatchUp-Bridging-Header.h";
				SWIFT_OPTIMIZATION_LEVEL = "-Onone";
			};
			name = Debug;
		};
		4A525D0F1CD1B7FA00CF3D67 /* Release */ = {
			isa = XCBuildConfiguration;
			baseConfigurationReference = 7BC10FDF9C192CCBBC8FA529 /* Pods-CatchUp.release.xcconfig */;
			buildSettings = {
				ASSETCATALOG_COMPILER_APPICON_NAME = AppIcon;
				CLANG_ENABLE_MODULES = YES;
				CODE_SIGN_IDENTITY = "iPhone Developer";
				"CODE_SIGN_IDENTITY[sdk=iphoneos*]" = "iPhone Developer";
				INFOPLIST_FILE = CatchUp/Info.plist;
				LD_RUNPATH_SEARCH_PATHS = "$(inherited) @executable_path/Frameworks";
				LIBRARY_SEARCH_PATHS = (
					"$(inherited)",
					"$(PROJECT_DIR)/CatchUp",
				);
				PRODUCT_BUNDLE_IDENTIFIER = com.SerendipityLabs.CatchUp;
				PRODUCT_NAME = Loop;
				PROVISIONING_PROFILE = "";
				SWIFT_OBJC_BRIDGING_HEADER = "CatchUp/CatchUp-Bridging-Header.h";
			};
			name = Release;
		};
/* End XCBuildConfiguration section */

/* Begin XCConfigurationList section */
		4A525CF31CD1B7FA00CF3D67 /* Build configuration list for PBXProject "CatchUp" */ = {
			isa = XCConfigurationList;
			buildConfigurations = (
				4A525D0B1CD1B7FA00CF3D67 /* Debug */,
				4A525D0C1CD1B7FA00CF3D67 /* Release */,
			);
			defaultConfigurationIsVisible = 0;
			defaultConfigurationName = Release;
		};
		4A525D0D1CD1B7FA00CF3D67 /* Build configuration list for PBXNativeTarget "CatchUp" */ = {
			isa = XCConfigurationList;
			buildConfigurations = (
				4A525D0E1CD1B7FA00CF3D67 /* Debug */,
				4A525D0F1CD1B7FA00CF3D67 /* Release */,
			);
			defaultConfigurationIsVisible = 0;
			defaultConfigurationName = Release;
		};
/* End XCConfigurationList section */

/* Begin XCVersionGroup section */
		4A525D021CD1B7FA00CF3D67 /* CatchUp.xcdatamodeld */ = {
			isa = XCVersionGroup;
			children = (
				4A525D031CD1B7FA00CF3D67 /* CatchUp.xcdatamodel */,
			);
			currentVersion = 4A525D031CD1B7FA00CF3D67 /* CatchUp.xcdatamodel */;
			path = CatchUp.xcdatamodeld;
			sourceTree = "<group>";
			versionGroupType = wrapper.xcdatamodel;
		};
/* End XCVersionGroup section */
	};
	rootObject = 4A525CF01CD1B7FA00CF3D67 /* Project object */;
}
