// !$*UTF8*$!
{
	archiveVersion = 1;
	classes = {
	};
	objectVersion = 46;
	objects = {

/* Begin PBXBuildFile section */
		4A525CFC1CD1B7FA00CF3D67 /* AppDelegate.swift in Sources */ = {isa = PBXBuildFile; fileRef = 4A525CFB1CD1B7FA00CF3D67 /* AppDelegate.swift */; };
		4A525CFE1CD1B7FA00CF3D67 /* ViewController.swift in Sources */ = {isa = PBXBuildFile; fileRef = 4A525CFD1CD1B7FA00CF3D67 /* ViewController.swift */; };
		4A525D011CD1B7FA00CF3D67 /* Main.storyboard in Resources */ = {isa = PBXBuildFile; fileRef = 4A525CFF1CD1B7FA00CF3D67 /* Main.storyboard */; };
		4A525D041CD1B7FA00CF3D67 /* CatchUp.xcdatamodeld in Sources */ = {isa = PBXBuildFile; fileRef = 4A525D021CD1B7FA00CF3D67 /* CatchUp.xcdatamodeld */; };
		4A525D061CD1B7FA00CF3D67 /* Assets.xcassets in Resources */ = {isa = PBXBuildFile; fileRef = 4A525D051CD1B7FA00CF3D67 /* Assets.xcassets */; };
		4A525D091CD1B7FA00CF3D67 /* LaunchScreen.storyboard in Resources */ = {isa = PBXBuildFile; fileRef = 4A525D071CD1B7FA00CF3D67 /* LaunchScreen.storyboard */; };
		4A525D1C1CD1B89900CF3D67 /* Section+CoreDataProperties.swift in Sources */ = {isa = PBXBuildFile; fileRef = 4A525D181CD1B89900CF3D67 /* Section+CoreDataProperties.swift */; };
		4A525D1D1CD1B89900CF3D67 /* Section.swift in Sources */ = {isa = PBXBuildFile; fileRef = 4A525D191CD1B89900CF3D67 /* Section.swift */; };
		4A525D1E1CD1B89900CF3D67 /* Item+CoreDataProperties.swift in Sources */ = {isa = PBXBuildFile; fileRef = 4A525D1A1CD1B89900CF3D67 /* Item+CoreDataProperties.swift */; };
		4A525D1F1CD1B89900CF3D67 /* Item.swift in Sources */ = {isa = PBXBuildFile; fileRef = 4A525D1B1CD1B89900CF3D67 /* Item.swift */; };
		4A525D241CD1BC2B00CF3D67 /* SectionPickerTableViewController.swift in Sources */ = {isa = PBXBuildFile; fileRef = 4A525D231CD1BC2B00CF3D67 /* SectionPickerTableViewController.swift */; };
		4A525D261CD1D0DC00CF3D67 /* PersonalizedViewController.swift in Sources */ = {isa = PBXBuildFile; fileRef = 4A525D251CD1D0DC00CF3D67 /* PersonalizedViewController.swift */; };
		4A525D281CD1D0F000CF3D67 /* PopularViewController.swift in Sources */ = {isa = PBXBuildFile; fileRef = 4A525D271CD1D0F000CF3D67 /* PopularViewController.swift */; };
		4A525D2A1CD1D0F800CF3D67 /* SettingsViewController.swift in Sources */ = {isa = PBXBuildFile; fileRef = 4A525D291CD1D0F800CF3D67 /* SettingsViewController.swift */; };
/* End PBXBuildFile section */

/* Begin PBXFileReference section */
		4A525CF81CD1B7FA00CF3D67 /* CatchUp.app */ = {isa = PBXFileReference; explicitFileType = wrapper.application; includeInIndex = 0; path = CatchUp.app; sourceTree = BUILT_PRODUCTS_DIR; };
		4A525CFB1CD1B7FA00CF3D67 /* AppDelegate.swift */ = {isa = PBXFileReference; lastKnownFileType = sourcecode.swift; path = AppDelegate.swift; sourceTree = "<group>"; };
		4A525CFD1CD1B7FA00CF3D67 /* ViewController.swift */ = {isa = PBXFileReference; lastKnownFileType = sourcecode.swift; path = ViewController.swift; sourceTree = "<group>"; };
		4A525D001CD1B7FA00CF3D67 /* Base */ = {isa = PBXFileReference; lastKnownFileType = file.storyboard; name = Base; path = Base.lproj/Main.storyboard; sourceTree = "<group>"; };
		4A525D031CD1B7FA00CF3D67 /* CatchUp.xcdatamodel */ = {isa = PBXFileReference; lastKnownFileType = wrapper.xcdatamodel; path = CatchUp.xcdatamodel; sourceTree = "<group>"; };
		4A525D051CD1B7FA00CF3D67 /* Assets.xcassets */ = {isa = PBXFileReference; lastKnownFileType = folder.assetcatalog; path = Assets.xcassets; sourceTree = "<group>"; };
		4A525D081CD1B7FA00CF3D67 /* Base */ = {isa = PBXFileReference; lastKnownFileType = file.storyboard; name = Base; path = Base.lproj/LaunchScreen.storyboard; sourceTree = "<group>"; };
		4A525D0A1CD1B7FA00CF3D67 /* Info.plist */ = {isa = PBXFileReference; lastKnownFileType = text.plist.xml; path = Info.plist; sourceTree = "<group>"; };
		4A525D181CD1B89900CF3D67 /* Section+CoreDataProperties.swift */ = {isa = PBXFileReference; fileEncoding = 4; lastKnownFileType = sourcecode.swift; path = "Section+CoreDataProperties.swift"; sourceTree = "<group>"; };
		4A525D191CD1B89900CF3D67 /* Section.swift */ = {isa = PBXFileReference; fileEncoding = 4; lastKnownFileType = sourcecode.swift; path = Section.swift; sourceTree = "<group>"; };
		4A525D1A1CD1B89900CF3D67 /* Item+CoreDataProperties.swift */ = {isa = PBXFileReference; fileEncoding = 4; lastKnownFileType = sourcecode.swift; path = "Item+CoreDataProperties.swift"; sourceTree = "<group>"; };
		4A525D1B1CD1B89900CF3D67 /* Item.swift */ = {isa = PBXFileReference; fileEncoding = 4; lastKnownFileType = sourcecode.swift; path = Item.swift; sourceTree = "<group>"; };
		4A525D231CD1BC2B00CF3D67 /* SectionPickerTableViewController.swift */ = {isa = PBXFileReference; fileEncoding = 4; lastKnownFileType = sourcecode.swift; path = SectionPickerTableViewController.swift; sourceTree = "<group>"; };
		4A525D251CD1D0DC00CF3D67 /* PersonalizedViewController.swift */ = {isa = PBXFileReference; fileEncoding = 4; lastKnownFileType = sourcecode.swift; path = PersonalizedViewController.swift; sourceTree = "<group>"; };
		4A525D271CD1D0F000CF3D67 /* PopularViewController.swift */ = {isa = PBXFileReference; fileEncoding = 4; lastKnownFileType = sourcecode.swift; path = PopularViewController.swift; sourceTree = "<group>"; };
		4A525D291CD1D0F800CF3D67 /* SettingsViewController.swift */ = {isa = PBXFileReference; fileEncoding = 4; lastKnownFileType = sourcecode.swift; path = SettingsViewController.swift; sourceTree = "<group>"; };
/* End PBXFileReference section */

/* Begin PBXFrameworksBuildPhase section */
		4A525CF51CD1B7FA00CF3D67 /* Frameworks */ = {
			isa = PBXFrameworksBuildPhase;
			buildActionMask = 2147483647;
			files = (
			);
			runOnlyForDeploymentPostprocessing = 0;
		};
/* End PBXFrameworksBuildPhase section */

/* Begin PBXGroup section */
		4A525CEF1CD1B7FA00CF3D67 = {
			isa = PBXGroup;
			children = (
				4A525CFA1CD1B7FA00CF3D67 /* CatchUp */,
				4A525CF91CD1B7FA00CF3D67 /* Products */,
			);
			sourceTree = "<group>";
		};
		4A525CF91CD1B7FA00CF3D67 /* Products */ = {
			isa = PBXGroup;
			children = (
				4A525CF81CD1B7FA00CF3D67 /* CatchUp.app */,
			);
			name = Products;
			sourceTree = "<group>";
		};
		4A525CFA1CD1B7FA00CF3D67 /* CatchUp */ = {
			isa = PBXGroup;
			children = (
				4A525D201CD1B8B100CF3D67 /* Core Data */,
				4A525CFB1CD1B7FA00CF3D67 /* AppDelegate.swift */,
				4A525D231CD1BC2B00CF3D67 /* SectionPickerTableViewController.swift */,
				4A525CFD1CD1B7FA00CF3D67 /* ViewController.swift */,
				4A525CFF1CD1B7FA00CF3D67 /* Main.storyboard */,
				4A525D251CD1D0DC00CF3D67 /* PersonalizedViewController.swift */,
				4A525D271CD1D0F000CF3D67 /* PopularViewController.swift */,
				4A525D291CD1D0F800CF3D67 /* SettingsViewController.swift */,
				4A525D051CD1B7FA00CF3D67 /* Assets.xcassets */,
				4A525D071CD1B7FA00CF3D67 /* LaunchScreen.storyboard */,
				4A525D0A1CD1B7FA00CF3D67 /* Info.plist */,
			);
			path = CatchUp;
			sourceTree = "<group>";
		};
		4A525D201CD1B8B100CF3D67 /* Core Data */ = {
			isa = PBXGroup;
			children = (
				4A525D181CD1B89900CF3D67 /* Section+CoreDataProperties.swift */,
				4A525D191CD1B89900CF3D67 /* Section.swift */,
				4A525D1A1CD1B89900CF3D67 /* Item+CoreDataProperties.swift */,
				4A525D1B1CD1B89900CF3D67 /* Item.swift */,
				4A525D021CD1B7FA00CF3D67 /* CatchUp.xcdatamodeld */,
			);
			name = "Core Data";
			sourceTree = "<group>";
		};
/* End PBXGroup section */

/* Begin PBXNativeTarget section */
		4A525CF71CD1B7FA00CF3D67 /* CatchUp */ = {
			isa = PBXNativeTarget;
			buildConfigurationList = 4A525D0D1CD1B7FA00CF3D67 /* Build configuration list for PBXNativeTarget "CatchUp" */;
			buildPhases = (
				4A525CF41CD1B7FA00CF3D67 /* Sources */,
				4A525CF51CD1B7FA00CF3D67 /* Frameworks */,
				4A525CF61CD1B7FA00CF3D67 /* Resources */,
			);
			buildRules = (
			);
			dependencies = (
			);
			name = CatchUp;
			productName = CatchUp;
			productReference = 4A525CF81CD1B7FA00CF3D67 /* CatchUp.app */;
			productType = "com.apple.product-type.application";
		};
/* End PBXNativeTarget section */

/* Begin PBXProject section */
		4A525CF01CD1B7FA00CF3D67 /* Project object */ = {
			isa = PBXProject;
			attributes = {
				LastSwiftUpdateCheck = 0720;
				LastUpgradeCheck = 0720;
				ORGANIZATIONNAME = "Stanford University";
				TargetAttributes = {
					4A525CF71CD1B7FA00CF3D67 = {
						CreatedOnToolsVersion = 7.2;
					};
				};
			};
			buildConfigurationList = 4A525CF31CD1B7FA00CF3D67 /* Build configuration list for PBXProject "CatchUp" */;
			compatibilityVersion = "Xcode 3.2";
			developmentRegion = English;
			hasScannedForEncodings = 0;
			knownRegions = (
				en,
				Base,
			);
			mainGroup = 4A525CEF1CD1B7FA00CF3D67;
			productRefGroup = 4A525CF91CD1B7FA00CF3D67 /* Products */;
			projectDirPath = "";
			projectRoot = "";
			targets = (
				4A525CF71CD1B7FA00CF3D67 /* CatchUp */,
			);
		};
/* End PBXProject section */

/* Begin PBXResourcesBuildPhase section */
		4A525CF61CD1B7FA00CF3D67 /* Resources */ = {
			isa = PBXResourcesBuildPhase;
			buildActionMask = 2147483647;
			files = (
				4A525D091CD1B7FA00CF3D67 /* LaunchScreen.storyboard in Resources */,
				4A525D061CD1B7FA00CF3D67 /* Assets.xcassets in Resources */,
				4A525D011CD1B7FA00CF3D67 /* Main.storyboard in Resources */,
			);
			runOnlyForDeploymentPostprocessing = 0;
		};
/* End PBXResourcesBuildPhase section */

/* Begin PBXSourcesBuildPhase section */
		4A525CF41CD1B7FA00CF3D67 /* Sources */ = {
			isa = PBXSourcesBuildPhase;
			buildActionMask = 2147483647;
			files = (
				4A525D1E1CD1B89900CF3D67 /* Item+CoreDataProperties.swift in Sources */,
				4A525D1D1CD1B89900CF3D67 /* Section.swift in Sources */,
				4A525D2A1CD1D0F800CF3D67 /* SettingsViewController.swift in Sources */,
				4A525D041CD1B7FA00CF3D67 /* CatchUp.xcdatamodeld in Sources */,
				4A525D241CD1BC2B00CF3D67 /* SectionPickerTableViewController.swift in Sources */,
				4A525D261CD1D0DC00CF3D67 /* PersonalizedViewController.swift in Sources */,
				4A525CFE1CD1B7FA00CF3D67 /* ViewController.swift in Sources */,
				4A525D281CD1D0F000CF3D67 /* PopularViewController.swift in Sources */,
				4A525D1F1CD1B89900CF3D67 /* Item.swift in Sources */,
				4A525D1C1CD1B89900CF3D67 /* Section+CoreDataProperties.swift in Sources */,
				4A525CFC1CD1B7FA00CF3D67 /* AppDelegate.swift in Sources */,
			);
			runOnlyForDeploymentPostprocessing = 0;
		};
/* End PBXSourcesBuildPhase section */

/* Begin PBXVariantGroup section */
		4A525CFF1CD1B7FA00CF3D67 /* Main.storyboard */ = {
			isa = PBXVariantGroup;
			children = (
				4A525D001CD1B7FA00CF3D67 /* Base */,
			);
			name = Main.storyboard;
			sourceTree = "<group>";
		};
		4A525D071CD1B7FA00CF3D67 /* LaunchScreen.storyboard */ = {
			isa = PBXVariantGroup;
			children = (
				4A525D081CD1B7FA00CF3D67 /* Base */,
			);
			name = LaunchScreen.storyboard;
			sourceTree = "<group>";
		};
/* End PBXVariantGroup section */

/* Begin XCBuildConfiguration section */
		4A525D0B1CD1B7FA00CF3D67 /* Debug */ = {
			isa = XCBuildConfiguration;
			buildSettings = {
				ALWAYS_SEARCH_USER_PATHS = NO;
				CLANG_CXX_LANGUAGE_STANDARD = "gnu++0x";
				CLANG_CXX_LIBRARY = "libc++";
				CLANG_ENABLE_MODULES = YES;
				CLANG_ENABLE_OBJC_ARC = YES;
				CLANG_WARN_BOOL_CONVERSION = YES;
				CLANG_WARN_CONSTANT_CONVERSION = YES;
				CLANG_WARN_DIRECT_OBJC_ISA_USAGE = YES_ERROR;
				CLANG_WARN_EMPTY_BODY = YES;
				CLANG_WARN_ENUM_CONVERSION = YES;
				CLANG_WARN_INT_CONVERSION = YES;
				CLANG_WARN_OBJC_ROOT_CLASS = YES_ERROR;
				CLANG_WARN_UNREACHABLE_CODE = YES;
				CLANG_WARN__DUPLICATE_METHOD_MATCH = YES;
				"CODE_SIGN_IDENTITY[sdk=iphoneos*]" = "iPhone Developer";
				COPY_PHASE_STRIP = NO;
				DEBUG_INFORMATION_FORMAT = dwarf;
				ENABLE_STRICT_OBJC_MSGSEND = YES;
				ENABLE_TESTABILITY = YES;
				GCC_C_LANGUAGE_STANDARD = gnu99;
				GCC_DYNAMIC_NO_PIC = NO;
				GCC_NO_COMMON_BLOCKS = YES;
				GCC_OPTIMIZATION_LEVEL = 0;
				GCC_PREPROCESSOR_DEFINITIONS = (
					"DEBUG=1",
					"$(inherited)",
				);
				GCC_WARN_64_TO_32_BIT_CONVERSION = YES;
				GCC_WARN_ABOUT_RETURN_TYPE = YES_ERROR;
				GCC_WARN_UNDECLARED_SELECTOR = YES;
				GCC_WARN_UNINITIALIZED_AUTOS = YES_AGGRESSIVE;
				GCC_WARN_UNUSED_FUNCTION = YES;
				GCC_WARN_UNUSED_VARIABLE = YES;
				IPHONEOS_DEPLOYMENT_TARGET = 9.2;
				MTL_ENABLE_DEBUG_INFO = YES;
				ONLY_ACTIVE_ARCH = YES;
				SDKROOT = iphoneos;
				SWIFT_OPTIMIZATION_LEVEL = "-Onone";
			};
			name = Debug;
		};
		4A525D0C1CD1B7FA00CF3D67 /* Release */ = {
			isa = XCBuildConfiguration;
			buildSettings = {
				ALWAYS_SEARCH_USER_PATHS = NO;
				CLANG_CXX_LANGUAGE_STANDARD = "gnu++0x";
				CLANG_CXX_LIBRARY = "libc++";
				CLANG_ENABLE_MODULES = YES;
				CLANG_ENABLE_OBJC_ARC = YES;
				CLANG_WARN_BOOL_CONVERSION = YES;
				CLANG_WARN_CONSTANT_CONVERSION = YES;
				CLANG_WARN_DIRECT_OBJC_ISA_USAGE = YES_ERROR;
				CLANG_WARN_EMPTY_BODY = YES;
				CLANG_WARN_ENUM_CONVERSION = YES;
				CLANG_WARN_INT_CONVERSION = YES;
				CLANG_WARN_OBJC_ROOT_CLASS = YES_ERROR;
				CLANG_WARN_UNREACHABLE_CODE = YES;
				CLANG_WARN__DUPLICATE_METHOD_MATCH = YES;
				"CODE_SIGN_IDENTITY[sdk=iphoneos*]" = "iPhone Developer";
				COPY_PHASE_STRIP = NO;
				DEBUG_INFORMATION_FORMAT = "dwarf-with-dsym";
				ENABLE_NS_ASSERTIONS = NO;
				ENABLE_STRICT_OBJC_MSGSEND = YES;
				GCC_C_LANGUAGE_STANDARD = gnu99;
				GCC_NO_COMMON_BLOCKS = YES;
				GCC_WARN_64_TO_32_BIT_CONVERSION = YES;
				GCC_WARN_ABOUT_RETURN_TYPE = YES_ERROR;
				GCC_WARN_UNDECLARED_SELECTOR = YES;
				GCC_WARN_UNINITIALIZED_AUTOS = YES_AGGRESSIVE;
				GCC_WARN_UNUSED_FUNCTION = YES;
				GCC_WARN_UNUSED_VARIABLE = YES;
				IPHONEOS_DEPLOYMENT_TARGET = 9.2;
				MTL_ENABLE_DEBUG_INFO = NO;
				SDKROOT = iphoneos;
				VALIDATE_PRODUCT = YES;
			};
			name = Release;
		};
		4A525D0E1CD1B7FA00CF3D67 /* Debug */ = {
			isa = XCBuildConfiguration;
			buildSettings = {
				ASSETCATALOG_COMPILER_APPICON_NAME = AppIcon;
				INFOPLIST_FILE = CatchUp/Info.plist;
				LD_RUNPATH_SEARCH_PATHS = "$(inherited) @executable_path/Frameworks";
				PRODUCT_BUNDLE_IDENTIFIER = com.SerendipityLabs.CatchUp;
				PRODUCT_NAME = "$(TARGET_NAME)";
			};
			name = Debug;
		};
		4A525D0F1CD1B7FA00CF3D67 /* Release */ = {
			isa = XCBuildConfiguration;
			buildSettings = {
				ASSETCATALOG_COMPILER_APPICON_NAME = AppIcon;
				INFOPLIST_FILE = CatchUp/Info.plist;
				LD_RUNPATH_SEARCH_PATHS = "$(inherited) @executable_path/Frameworks";
				PRODUCT_BUNDLE_IDENTIFIER = com.SerendipityLabs.CatchUp;
				PRODUCT_NAME = "$(TARGET_NAME)";
			};
			name = Release;
		};
/* End XCBuildConfiguration section */

/* Begin XCConfigurationList section */
		4A525CF31CD1B7FA00CF3D67 /* Build configuration list for PBXProject "CatchUp" */ = {
			isa = XCConfigurationList;
			buildConfigurations = (
				4A525D0B1CD1B7FA00CF3D67 /* Debug */,
				4A525D0C1CD1B7FA00CF3D67 /* Release */,
			);
			defaultConfigurationIsVisible = 0;
			defaultConfigurationName = Release;
		};
		4A525D0D1CD1B7FA00CF3D67 /* Build configuration list for PBXNativeTarget "CatchUp" */ = {
			isa = XCConfigurationList;
			buildConfigurations = (
				4A525D0E1CD1B7FA00CF3D67 /* Debug */,
				4A525D0F1CD1B7FA00CF3D67 /* Release */,
			);
			defaultConfigurationIsVisible = 0;
		};
/* End XCConfigurationList section */

/* Begin XCVersionGroup section */
		4A525D021CD1B7FA00CF3D67 /* CatchUp.xcdatamodeld */ = {
			isa = XCVersionGroup;
			children = (
				4A525D031CD1B7FA00CF3D67 /* CatchUp.xcdatamodel */,
			);
			currentVersion = 4A525D031CD1B7FA00CF3D67 /* CatchUp.xcdatamodel */;
			path = CatchUp.xcdatamodeld;
			sourceTree = "<group>";
			versionGroupType = wrapper.xcdatamodel;
		};
/* End XCVersionGroup section */
	};
	rootObject = 4A525CF01CD1B7FA00CF3D67 /* Project object */;
}
